// !$*UTF8*$!
{
	archiveVersion = 1;
	classes = {
	};
	objectVersion = 70;
	objects = {

/* Begin PBXBuildFile section */
		2F8B9DDB2C20A9AE005969CE /* AppDelegate.swift in Sources */ = {isa = PBXBuildFile; fileRef = 2F8B9DDA2C20A9AE005969CE /* AppDelegate.swift */; };
		2F8B9DDD2C20A9AE005969CE /* SceneDelegate.swift in Sources */ = {isa = PBXBuildFile; fileRef = 2F8B9DDC2C20A9AE005969CE /* SceneDelegate.swift */; };
		2F8B9DE22C20A9AE005969CE /* Main.storyboard in Resources */ = {isa = PBXBuildFile; fileRef = 2F8B9DE02C20A9AE005969CE /* Main.storyboard */; };
		2F8B9DE42C20A9B0005969CE /* Assets.xcassets in Resources */ = {isa = PBXBuildFile; fileRef = 2F8B9DE32C20A9B0005969CE /* Assets.xcassets */; };
		2F8B9DE72C20A9B0005969CE /* LaunchScreen.storyboard in Resources */ = {isa = PBXBuildFile; fileRef = 2F8B9DE52C20A9B0005969CE /* LaunchScreen.storyboard */; };
		2F8B9DF72C20F851005969CE /* Notes in Resources */ = {isa = PBXBuildFile; fileRef = 2F8B9DF62C20F851005969CE /* Notes */; };
		2FA0A6572E38205100E3C82C /* Alamofire in Frameworks */ = {isa = PBXBuildFile; productRef = 2FA0A6562E38205100E3C82C /* Alamofire */; };
		2FA0A65C2E38229B00E3C82C /* AlamofireImage in Frameworks */ = {isa = PBXBuildFile; productRef = 2FA0A65B2E38229B00E3C82C /* AlamofireImage */; };
		2FA0A65F2E38242F00E3C82C /* Alamofire in Frameworks */ = {isa = PBXBuildFile; productRef = 2FA0A65E2E38242F00E3C82C /* Alamofire */; };
		2FCA0B092D5AA33800DAB78A /* ParseSwift in Frameworks */ = {isa = PBXBuildFile; productRef = 2FCA0B082D5AA33800DAB78A /* ParseSwift */; };
/* End PBXBuildFile section */

/* Begin PBXFileReference section */
		2F8B9DD72C20A9AE005969CE /* RecipesApp.app */ = {isa = PBXFileReference; explicitFileType = wrapper.application; includeInIndex = 0; path = RecipesApp.app; sourceTree = BUILT_PRODUCTS_DIR; };
		2F8B9DDA2C20A9AE005969CE /* AppDelegate.swift */ = {isa = PBXFileReference; lastKnownFileType = sourcecode.swift; path = AppDelegate.swift; sourceTree = "<group>"; };
		2F8B9DDC2C20A9AE005969CE /* SceneDelegate.swift */ = {isa = PBXFileReference; lastKnownFileType = sourcecode.swift; path = SceneDelegate.swift; sourceTree = "<group>"; };
		2F8B9DE12C20A9AE005969CE /* Base */ = {isa = PBXFileReference; lastKnownFileType = file.storyboard; name = Base; path = Base.lproj/Main.storyboard; sourceTree = "<group>"; };
		2F8B9DE32C20A9B0005969CE /* Assets.xcassets */ = {isa = PBXFileReference; lastKnownFileType = folder.assetcatalog; path = Assets.xcassets; sourceTree = "<group>"; };
		2F8B9DE62C20A9B0005969CE /* Base */ = {isa = PBXFileReference; lastKnownFileType = file.storyboard; name = Base; path = Base.lproj/LaunchScreen.storyboard; sourceTree = "<group>"; };
		2F8B9DE82C20A9B0005969CE /* Info.plist */ = {isa = PBXFileReference; lastKnownFileType = text.plist.xml; path = Info.plist; sourceTree = "<group>"; };
		2F8B9DF62C20F851005969CE /* Notes */ = {isa = PBXFileReference; lastKnownFileType = text; path = Notes; sourceTree = "<group>"; };
/* End PBXFileReference section */

/* Begin PBXFileSystemSynchronizedRootGroup section */
		2F3487322D39C18900A9A990 /* Models */ = {isa = PBXFileSystemSynchronizedRootGroup; explicitFileTypes = {}; explicitFolders = (); path = Models; sourceTree = "<group>"; };
		2F3487332D39C19D00A9A990 /* View Controllers */ = {isa = PBXFileSystemSynchronizedRootGroup; explicitFileTypes = {}; explicitFolders = (); path = "View Controllers"; sourceTree = "<group>"; };
/* End PBXFileSystemSynchronizedRootGroup section */

/* Begin PBXFrameworksBuildPhase section */
		2F8B9DD42C20A9AE005969CE /* Frameworks */ = {
			isa = PBXFrameworksBuildPhase;
			buildActionMask = 2147483647;
			files = (
				2FA0A65F2E38242F00E3C82C /* Alamofire in Frameworks */,
				2FCA0B092D5AA33800DAB78A /* ParseSwift in Frameworks */,
				2FA0A65C2E38229B00E3C82C /* AlamofireImage in Frameworks */,
				2FA0A6572E38205100E3C82C /* Alamofire in Frameworks */,
			);
			runOnlyForDeploymentPostprocessing = 0;
		};
/* End PBXFrameworksBuildPhase section */

/* Begin PBXGroup section */
		2F8B9DCE2C20A9AE005969CE = {
			isa = PBXGroup;
			children = (
				2F8B9DD92C20A9AE005969CE /* RecipesApp */,
				2F8B9DD82C20A9AE005969CE /* Products */,
			);
			sourceTree = "<group>";
		};
		2F8B9DD82C20A9AE005969CE /* Products */ = {
			isa = PBXGroup;
			children = (
				2F8B9DD72C20A9AE005969CE /* RecipesApp.app */,
			);
			name = Products;
			sourceTree = "<group>";
		};
		2F8B9DD92C20A9AE005969CE /* RecipesApp */ = {
			isa = PBXGroup;
			children = (
				2F8B9DDA2C20A9AE005969CE /* AppDelegate.swift */,
				2F8B9DDC2C20A9AE005969CE /* SceneDelegate.swift */,
				2F3487332D39C19D00A9A990 /* View Controllers */,
				2F3487322D39C18900A9A990 /* Models */,
				2F8B9DE02C20A9AE005969CE /* Main.storyboard */,
				2F8B9DE32C20A9B0005969CE /* Assets.xcassets */,
				2F8B9DE52C20A9B0005969CE /* LaunchScreen.storyboard */,
				2F8B9DE82C20A9B0005969CE /* Info.plist */,
				2F8B9DF62C20F851005969CE /* Notes */,
			);
			path = RecipesApp;
			sourceTree = "<group>";
		};
/* End PBXGroup section */

/* Begin PBXNativeTarget section */
		2F8B9DD62C20A9AE005969CE /* RecipesApp */ = {
			isa = PBXNativeTarget;
			buildConfigurationList = 2F8B9DEB2C20A9B0005969CE /* Build configuration list for PBXNativeTarget "RecipesApp" */;
			buildPhases = (
				2F8B9DD32C20A9AE005969CE /* Sources */,
				2F8B9DD42C20A9AE005969CE /* Frameworks */,
				2F8B9DD52C20A9AE005969CE /* Resources */,
			);
			buildRules = (
			);
			dependencies = (
			);
			fileSystemSynchronizedGroups = (
				2F3487322D39C18900A9A990 /* Models */,
				2F3487332D39C19D00A9A990 /* View Controllers */,
			);
			name = RecipesApp;
			productName = RecipesApp;
			productReference = 2F8B9DD72C20A9AE005969CE /* RecipesApp.app */;
			productType = "com.apple.product-type.application";
		};
/* End PBXNativeTarget section */

/* Begin PBXProject section */
		2F8B9DCF2C20A9AE005969CE /* Project object */ = {
			isa = PBXProject;
			attributes = {
				BuildIndependentTargetsInParallel = 1;
				LastSwiftUpdateCheck = 1520;
				LastUpgradeCheck = 1520;
				TargetAttributes = {
					2F8B9DD62C20A9AE005969CE = {
						CreatedOnToolsVersion = 15.2;
					};
				};
			};
			buildConfigurationList = 2F8B9DD22C20A9AE005969CE /* Build configuration list for PBXProject "RecipesApp" */;
			compatibilityVersion = "Xcode 14.0";
			developmentRegion = en;
			hasScannedForEncodings = 0;
			knownRegions = (
				en,
				Base,
			);
			mainGroup = 2F8B9DCE2C20A9AE005969CE;
			packageReferences = (
				2FCA0B072D5AA33800DAB78A /* XCRemoteSwiftPackageReference "Parse-Swift" */,
				2FA0A65A2E38229B00E3C82C /* XCRemoteSwiftPackageReference "AlamofireImage" */,
				2FA0A65D2E38242F00E3C82C /* XCRemoteSwiftPackageReference "Alamofire" */,
			);
			productRefGroup = 2F8B9DD82C20A9AE005969CE /* Products */;
			projectDirPath = "";
			projectRoot = "";
			targets = (
				2F8B9DD62C20A9AE005969CE /* RecipesApp */,
			);
		};
/* End PBXProject section */

/* Begin PBXResourcesBuildPhase section */
		2F8B9DD52C20A9AE005969CE /* Resources */ = {
			isa = PBXResourcesBuildPhase;
			buildActionMask = 2147483647;
			files = (
				2F8B9DE72C20A9B0005969CE /* LaunchScreen.storyboard in Resources */,
				2F8B9DE42C20A9B0005969CE /* Assets.xcassets in Resources */,
				2F8B9DF72C20F851005969CE /* Notes in Resources */,
				2F8B9DE22C20A9AE005969CE /* Main.storyboard in Resources */,
			);
			runOnlyForDeploymentPostprocessing = 0;
		};
/* End PBXResourcesBuildPhase section */

/* Begin PBXSourcesBuildPhase section */
		2F8B9DD32C20A9AE005969CE /* Sources */ = {
			isa = PBXSourcesBuildPhase;
			buildActionMask = 2147483647;
			files = (
				2F8B9DDB2C20A9AE005969CE /* AppDelegate.swift in Sources */,
				2F8B9DDD2C20A9AE005969CE /* SceneDelegate.swift in Sources */,
			);
			runOnlyForDeploymentPostprocessing = 0;
		};
/* End PBXSourcesBuildPhase section */

/* Begin PBXVariantGroup section */
		2F8B9DE02C20A9AE005969CE /* Main.storyboard */ = {
			isa = PBXVariantGroup;
			children = (
				2F8B9DE12C20A9AE005969CE /* Base */,
			);
			name = Main.storyboard;
			sourceTree = "<group>";
		};
		2F8B9DE52C20A9B0005969CE /* LaunchScreen.storyboard */ = {
			isa = PBXVariantGroup;
			children = (
				2F8B9DE62C20A9B0005969CE /* Base */,
			);
			name = LaunchScreen.storyboard;
			sourceTree = "<group>";
		};
/* End PBXVariantGroup section */

/* Begin XCBuildConfiguration section */
		2F8B9DE92C20A9B0005969CE /* Debug */ = {
			isa = XCBuildConfiguration;
			buildSettings = {
				ALWAYS_SEARCH_USER_PATHS = NO;
				ASSETCATALOG_COMPILER_GENERATE_SWIFT_ASSET_SYMBOL_EXTENSIONS = YES;
				CLANG_ANALYZER_NONNULL = YES;
				CLANG_ANALYZER_NUMBER_OBJECT_CONVERSION = YES_AGGRESSIVE;
				CLANG_CXX_LANGUAGE_STANDARD = "gnu++20";
				CLANG_ENABLE_MODULES = YES;
				CLANG_ENABLE_OBJC_ARC = YES;
				CLANG_ENABLE_OBJC_WEAK = YES;
				CLANG_WARN_BLOCK_CAPTURE_AUTORELEASING = YES;
				CLANG_WARN_BOOL_CONVERSION = YES;
				CLANG_WARN_COMMA = YES;
				CLANG_WARN_CONSTANT_CONVERSION = YES;
				CLANG_WARN_DEPRECATED_OBJC_IMPLEMENTATIONS = YES;
				CLANG_WARN_DIRECT_OBJC_ISA_USAGE = YES_ERROR;
				CLANG_WARN_DOCUMENTATION_COMMENTS = YES;
				CLANG_WARN_EMPTY_BODY = YES;
				CLANG_WARN_ENUM_CONVERSION = YES;
				CLANG_WARN_INFINITE_RECURSION = YES;
				CLANG_WARN_INT_CONVERSION = YES;
				CLANG_WARN_NON_LITERAL_NULL_CONVERSION = YES;
				CLANG_WARN_OBJC_IMPLICIT_RETAIN_SELF = YES;
				CLANG_WARN_OBJC_LITERAL_CONVERSION = YES;
				CLANG_WARN_OBJC_ROOT_CLASS = YES_ERROR;
				CLANG_WARN_QUOTED_INCLUDE_IN_FRAMEWORK_HEADER = YES;
				CLANG_WARN_RANGE_LOOP_ANALYSIS = YES;
				CLANG_WARN_STRICT_PROTOTYPES = YES;
				CLANG_WARN_SUSPICIOUS_MOVE = YES;
				CLANG_WARN_UNGUARDED_AVAILABILITY = YES_AGGRESSIVE;
				CLANG_WARN_UNREACHABLE_CODE = YES;
				CLANG_WARN__DUPLICATE_METHOD_MATCH = YES;
				COPY_PHASE_STRIP = NO;
				DEBUG_INFORMATION_FORMAT = dwarf;
				ENABLE_STRICT_OBJC_MSGSEND = YES;
				ENABLE_TESTABILITY = YES;
				ENABLE_USER_SCRIPT_SANDBOXING = YES;
				GCC_C_LANGUAGE_STANDARD = gnu17;
				GCC_DYNAMIC_NO_PIC = NO;
				GCC_NO_COMMON_BLOCKS = YES;
				GCC_OPTIMIZATION_LEVEL = 0;
				GCC_PREPROCESSOR_DEFINITIONS = (
					"DEBUG=1",
					"$(inherited)",
				);
				GCC_WARN_64_TO_32_BIT_CONVERSION = YES;
				GCC_WARN_ABOUT_RETURN_TYPE = YES_ERROR;
				GCC_WARN_UNDECLARED_SELECTOR = YES;
				GCC_WARN_UNINITIALIZED_AUTOS = YES_AGGRESSIVE;
				GCC_WARN_UNUSED_FUNCTION = YES;
				GCC_WARN_UNUSED_VARIABLE = YES;
				IPHONEOS_DEPLOYMENT_TARGET = 17.2;
				LOCALIZATION_PREFERS_STRING_CATALOGS = YES;
				MTL_ENABLE_DEBUG_INFO = INCLUDE_SOURCE;
				MTL_FAST_MATH = YES;
				ONLY_ACTIVE_ARCH = YES;
				SDKROOT = iphoneos;
				SWIFT_ACTIVE_COMPILATION_CONDITIONS = "DEBUG $(inherited)";
				SWIFT_OPTIMIZATION_LEVEL = "-Onone";
			};
			name = Debug;
		};
		2F8B9DEA2C20A9B0005969CE /* Release */ = {
			isa = XCBuildConfiguration;
			buildSettings = {
				ALWAYS_SEARCH_USER_PATHS = NO;
				ASSETCATALOG_COMPILER_GENERATE_SWIFT_ASSET_SYMBOL_EXTENSIONS = YES;
				CLANG_ANALYZER_NONNULL = YES;
				CLANG_ANALYZER_NUMBER_OBJECT_CONVERSION = YES_AGGRESSIVE;
				CLANG_CXX_LANGUAGE_STANDARD = "gnu++20";
				CLANG_ENABLE_MODULES = YES;
				CLANG_ENABLE_OBJC_ARC = YES;
				CLANG_ENABLE_OBJC_WEAK = YES;
				CLANG_WARN_BLOCK_CAPTURE_AUTORELEASING = YES;
				CLANG_WARN_BOOL_CONVERSION = YES;
				CLANG_WARN_COMMA = YES;
				CLANG_WARN_CONSTANT_CONVERSION = YES;
				CLANG_WARN_DEPRECATED_OBJC_IMPLEMENTATIONS = YES;
				CLANG_WARN_DIRECT_OBJC_ISA_USAGE = YES_ERROR;
				CLANG_WARN_DOCUMENTATION_COMMENTS = YES;
				CLANG_WARN_EMPTY_BODY = YES;
				CLANG_WARN_ENUM_CONVERSION = YES;
				CLANG_WARN_INFINITE_RECURSION = YES;
				CLANG_WARN_INT_CONVERSION = YES;
				CLANG_WARN_NON_LITERAL_NULL_CONVERSION = YES;
				CLANG_WARN_OBJC_IMPLICIT_RETAIN_SELF = YES;
				CLANG_WARN_OBJC_LITERAL_CONVERSION = YES;
				CLANG_WARN_OBJC_ROOT_CLASS = YES_ERROR;
				CLANG_WARN_QUOTED_INCLUDE_IN_FRAMEWORK_HEADER = YES;
				CLANG_WARN_RANGE_LOOP_ANALYSIS = YES;
				CLANG_WARN_STRICT_PROTOTYPES = YES;
				CLANG_WARN_SUSPICIOUS_MOVE = YES;
				CLANG_WARN_UNGUARDED_AVAILABILITY = YES_AGGRESSIVE;
				CLANG_WARN_UNREACHABLE_CODE = YES;
				CLANG_WARN__DUPLICATE_METHOD_MATCH = YES;
				COPY_PHASE_STRIP = NO;
				DEBUG_INFORMATION_FORMAT = "dwarf-with-dsym";
				ENABLE_NS_ASSERTIONS = NO;
				ENABLE_STRICT_OBJC_MSGSEND = YES;
				ENABLE_USER_SCRIPT_SANDBOXING = YES;
				GCC_C_LANGUAGE_STANDARD = gnu17;
				GCC_NO_COMMON_BLOCKS = YES;
				GCC_WARN_64_TO_32_BIT_CONVERSION = YES;
				GCC_WARN_ABOUT_RETURN_TYPE = YES_ERROR;
				GCC_WARN_UNDECLARED_SELECTOR = YES;
				GCC_WARN_UNINITIALIZED_AUTOS = YES_AGGRESSIVE;
				GCC_WARN_UNUSED_FUNCTION = YES;
				GCC_WARN_UNUSED_VARIABLE = YES;
				IPHONEOS_DEPLOYMENT_TARGET = 17.2;
				LOCALIZATION_PREFERS_STRING_CATALOGS = YES;
				MTL_ENABLE_DEBUG_INFO = NO;
				MTL_FAST_MATH = YES;
				SDKROOT = iphoneos;
				SWIFT_COMPILATION_MODE = wholemodule;
				VALIDATE_PRODUCT = YES;
			};
			name = Release;
		};
		2F8B9DEC2C20A9B0005969CE /* Debug */ = {
			isa = XCBuildConfiguration;
			buildSettings = {
				ASSETCATALOG_COMPILER_APPICON_NAME = AppIcon;
				ASSETCATALOG_COMPILER_GLOBAL_ACCENT_COLOR_NAME = AccentColor;
				CODE_SIGN_STYLE = Automatic;
				CURRENT_PROJECT_VERSION = 1;
				DEVELOPMENT_TEAM = NF468YG6VH;
				GENERATE_INFOPLIST_FILE = YES;
				INFOPLIST_FILE = RecipesApp/Info.plist;
				INFOPLIST_KEY_NSCameraUsageDescription = "We need to access your camera to upload a picture for a recipe.";
				INFOPLIST_KEY_NSPhotoLibraryUsageDescription = "We need to access your photos to upload a picture for a recipe.";
				INFOPLIST_KEY_UIApplicationSupportsIndirectInputEvents = YES;
				INFOPLIST_KEY_UILaunchStoryboardName = LaunchScreen;
				INFOPLIST_KEY_UIMainStoryboardFile = Main;
				INFOPLIST_KEY_UISupportedInterfaceOrientations_iPad = "UIInterfaceOrientationPortrait UIInterfaceOrientationPortraitUpsideDown UIInterfaceOrientationLandscapeLeft UIInterfaceOrientationLandscapeRight";
				INFOPLIST_KEY_UISupportedInterfaceOrientations_iPhone = "UIInterfaceOrientationPortrait UIInterfaceOrientationLandscapeLeft UIInterfaceOrientationLandscapeRight";
				LD_RUNPATH_SEARCH_PATHS = (
					"$(inherited)",
					"@executable_path/Frameworks",
				);
				MARKETING_VERSION = 1.0;
				PRODUCT_BUNDLE_IDENTIFIER = AaronGarman.RecipesApp.Parse;
				PRODUCT_NAME = "$(TARGET_NAME)";
				SWIFT_EMIT_LOC_STRINGS = YES;
				SWIFT_VERSION = 5.0;
				TARGETED_DEVICE_FAMILY = "1,2";
			};
			name = Debug;
		};
		2F8B9DED2C20A9B0005969CE /* Release */ = {
			isa = XCBuildConfiguration;
			buildSettings = {
				ASSETCATALOG_COMPILER_APPICON_NAME = AppIcon;
				ASSETCATALOG_COMPILER_GLOBAL_ACCENT_COLOR_NAME = AccentColor;
				CODE_SIGN_STYLE = Automatic;
				CURRENT_PROJECT_VERSION = 1;
				DEVELOPMENT_TEAM = NF468YG6VH;
				GENERATE_INFOPLIST_FILE = YES;
				INFOPLIST_FILE = RecipesApp/Info.plist;
				INFOPLIST_KEY_NSCameraUsageDescription = "We need to access your camera to upload a picture for a recipe.";
				INFOPLIST_KEY_NSPhotoLibraryUsageDescription = "We need to access your photos to upload a picture for a recipe.";
				INFOPLIST_KEY_UIApplicationSupportsIndirectInputEvents = YES;
				INFOPLIST_KEY_UILaunchStoryboardName = LaunchScreen;
				INFOPLIST_KEY_UIMainStoryboardFile = Main;
				INFOPLIST_KEY_UISupportedInterfaceOrientations_iPad = "UIInterfaceOrientationPortrait UIInterfaceOrientationPortraitUpsideDown UIInterfaceOrientationLandscapeLeft UIInterfaceOrientationLandscapeRight";
				INFOPLIST_KEY_UISupportedInterfaceOrientations_iPhone = "UIInterfaceOrientationPortrait UIInterfaceOrientationLandscapeLeft UIInterfaceOrientationLandscapeRight";
				LD_RUNPATH_SEARCH_PATHS = (
					"$(inherited)",
					"@executable_path/Frameworks",
				);
				MARKETING_VERSION = 1.0;
				PRODUCT_BUNDLE_IDENTIFIER = AaronGarman.RecipesApp.Parse;
				PRODUCT_NAME = "$(TARGET_NAME)";
				SWIFT_EMIT_LOC_STRINGS = YES;
				SWIFT_VERSION = 5.0;
				TARGETED_DEVICE_FAMILY = "1,2";
			};
			name = Release;
		};
/* End XCBuildConfiguration section */

/* Begin XCConfigurationList section */
		2F8B9DD22C20A9AE005969CE /* Build configuration list for PBXProject "RecipesApp" */ = {
			isa = XCConfigurationList;
			buildConfigurations = (
				2F8B9DE92C20A9B0005969CE /* Debug */,
				2F8B9DEA2C20A9B0005969CE /* Release */,
			);
			defaultConfigurationIsVisible = 0;
			defaultConfigurationName = Release;
		};
		2F8B9DEB2C20A9B0005969CE /* Build configuration list for PBXNativeTarget "RecipesApp" */ = {
			isa = XCConfigurationList;
			buildConfigurations = (
				2F8B9DEC2C20A9B0005969CE /* Debug */,
				2F8B9DED2C20A9B0005969CE /* Release */,
			);
			defaultConfigurationIsVisible = 0;
			defaultConfigurationName = Release;
		};
/* End XCConfigurationList section */

/* Begin XCRemoteSwiftPackageReference section */
		2FA0A6552E38205100E3C82C /* XCRemoteSwiftPackageReference "Alamofire" */ = {
			isa = XCRemoteSwiftPackageReference;
			repositoryURL = "https://github.com/Alamofire/Alamofire.git";
			requirement = {
				kind = upToNextMajorVersion;
				minimumVersion = 5.6.4;
			};
		};
		2FA0A65A2E38229B00E3C82C /* XCRemoteSwiftPackageReference "AlamofireImage" */ = {
			isa = XCRemoteSwiftPackageReference;
			repositoryURL = "https://github.com/Alamofire/AlamofireImage.git";
			requirement = {
				kind = upToNextMajorVersion;
				minimumVersion = 4.2.0;
			};
		};
		2FA0A65D2E38242F00E3C82C /* XCRemoteSwiftPackageReference "Alamofire" */ = {
			isa = XCRemoteSwiftPackageReference;
			repositoryURL = "https://github.com/Alamofire/Alamofire.git";
			requirement = {
				kind = upToNextMajorVersion;
				minimumVersion = 5.6.4;
			};
		};
		2FCA0B072D5AA33800DAB78A /* XCRemoteSwiftPackageReference "Parse-Swift" */ = {
			isa = XCRemoteSwiftPackageReference;
			repositoryURL = "https://github.com/parse-community/Parse-Swift.git";
			requirement = {
				kind = upToNextMajorVersion;
				minimumVersion = 4.14.2;
			};
		};
/* End XCRemoteSwiftPackageReference section */

/* Begin XCSwiftPackageProductDependency section */
		2FA0A6562E38205100E3C82C /* Alamofire */ = {
			isa = XCSwiftPackageProductDependency;
			package = 2FA0A6552E38205100E3C82C /* XCRemoteSwiftPackageReference "Alamofire" */;
			productName = Alamofire;
		};
		2FA0A65B2E38229B00E3C82C /* AlamofireImage */ = {
			isa = XCSwiftPackageProductDependency;
			package = 2FA0A65A2E38229B00E3C82C /* XCRemoteSwiftPackageReference "AlamofireImage" */;
			productName = AlamofireImage;
		};
		2FA0A65E2E38242F00E3C82C /* Alamofire */ = {
			isa = XCSwiftPackageProductDependency;
			package = 2FA0A65D2E38242F00E3C82C /* XCRemoteSwiftPackageReference "Alamofire" */;
			productName = Alamofire;
		};
		2FCA0B082D5AA33800DAB78A /* ParseSwift */ = {
			isa = XCSwiftPackageProductDependency;
			package = 2FCA0B072D5AA33800DAB78A /* XCRemoteSwiftPackageReference "Parse-Swift" */;
			productName = ParseSwift;
		};
/* End XCSwiftPackageProductDependency section */
	};
	rootObject = 2F8B9DCF2C20A9AE005969CE /* Project object */;
}
